
Microsoft Visual Studio Solution File, Format Version 12.00
# Visual Studio Version 16
VisualStudioVersion = 16.0.30611.23
MinimumVisualStudioVersion = 10.0.40219.1
Project("{FAE04EC0-301F-11D3-BF4B-00C04F79EFBC}") = "LongestValidParentheses", "LongestValidParentheses.csproj", "{8DC9D38F-2FE7-4E4F-9779-C0EED823D10C}"
EndProject
Global
	GlobalSection(SolutionConfigurationPlatforms) = preSolution
		Debug|Any CPU = Debug|Any CPU
		Release|Any CPU = Release|Any CPU
	EndGlobalSection
	GlobalSection(ProjectConfigurationPlatforms) = postSolution
		{8DC9D38F-2FE7-4E4F-9779-C0EED823D10C}.Debug|Any CPU.ActiveCfg = Debug|Any CPU
		{8DC9D38F-2FE7-4E4F-9779-C0EED823D10C}.Debug|Any CPU.Build.0 = Debug|Any CPU
		{8DC9D38F-2FE7-4E4F-9779-C0EED823D10C}.Release|Any CPU.ActiveCfg = Release|Any CPU
		{8DC9D38F-2FE7-4E4F-9779-C0EED823D10C}.Release|Any CPU.Build.0 = Release|Any CPU
	EndGlobalSection
	GlobalSection(SolutionProperties) = preSolution
		HideSolutionNode = FALSE
	EndGlobalSection
	GlobalSection(ExtensibilityGlobals) = postSolution
		SolutionGuid = {BF88D79C-6FE8-4415-83E3-520AF2DD1995}
	EndGlobalSection
EndGlobal
