
Microsoft Visual Studio Solution File, Format Version 12.00
# Visual Studio Version 17
VisualStudioVersion = 17.2.32616.157
MinimumVisualStudioVersion = 10.0.40219.1
Project("{FAE04EC0-301F-11D3-BF4B-00C04F79EFBC}") = "TVSeriesFilesSetUp", "TVSeriesFilesSetUp.csproj", "{C017AB81-4E89-4D06-B9BD-59E1A9A73D12}"
EndProject
Global
	GlobalSection(SolutionConfigurationPlatforms) = preSolution
		Debug|Any CPU = Debug|Any CPU
		Release|Any CPU = Release|Any CPU
	EndGlobalSection
	GlobalSection(ProjectConfigurationPlatforms) = postSolution
		{C017AB81-4E89-4D06-B9BD-59E1A9A73D12}.Debug|Any CPU.ActiveCfg = Debug|Any CPU
		{C017AB81-4E89-4D06-B9BD-59E1A9A73D12}.Debug|Any CPU.Build.0 = Debug|Any CPU
		{C017AB81-4E89-4D06-B9BD-59E1A9A73D12}.Release|Any CPU.ActiveCfg = Release|Any CPU
		{C017AB81-4E89-4D06-B9BD-59E1A9A73D12}.Release|Any CPU.Build.0 = Release|Any CPU
	EndGlobalSection
	GlobalSection(SolutionProperties) = preSolution
		HideSolutionNode = FALSE
	EndGlobalSection
	GlobalSection(ExtensibilityGlobals) = postSolution
		SolutionGuid = {CFE28C98-8088-42E4-9476-6C4F2C2A7234}
	EndGlobalSection
EndGlobal
