
Microsoft Visual Studio Solution File, Format Version 12.00
# Visual Studio Version 16
VisualStudioVersion = 16.0.31112.23
MinimumVisualStudioVersion = 10.0.40219.1
Project("{FAE04EC0-301F-11D3-BF4B-00C04F79EFBC}") = "Task6", "Task6.csproj", "{EB8523E1-439D-48B5-BB87-D4C2A57AB44E}"
EndProject
Global
	GlobalSection(SolutionConfigurationPlatforms) = preSolution
		Debug|Any CPU = Debug|Any CPU
		Release|Any CPU = Release|Any CPU
	EndGlobalSection
	GlobalSection(ProjectConfigurationPlatforms) = postSolution
		{EB8523E1-439D-48B5-BB87-D4C2A57AB44E}.Debug|Any CPU.ActiveCfg = Debug|Any CPU
		{EB8523E1-439D-48B5-BB87-D4C2A57AB44E}.Debug|Any CPU.Build.0 = Debug|Any CPU
		{EB8523E1-439D-48B5-BB87-D4C2A57AB44E}.Release|Any CPU.ActiveCfg = Release|Any CPU
		{EB8523E1-439D-48B5-BB87-D4C2A57AB44E}.Release|Any CPU.Build.0 = Release|Any CPU
	EndGlobalSection
	GlobalSection(SolutionProperties) = preSolution
		HideSolutionNode = FALSE
	EndGlobalSection
	GlobalSection(ExtensibilityGlobals) = postSolution
		SolutionGuid = {FCEEAB12-9E8D-4D55-BE1F-C556F9FFCB5C}
	EndGlobalSection
EndGlobal
