
Microsoft Visual Studio Solution File, Format Version 12.00
# Visual Studio Version 16
VisualStudioVersion = 16.0.30611.23
MinimumVisualStudioVersion = 10.0.40219.1
Project("{FAE04EC0-301F-11D3-BF4B-00C04F79EFBC}") = "PackagingFigures", "PackagingFigures.csproj", "{A2CAF24C-9717-4185-BEBB-8F1E68D6A428}"
EndProject
Global
	GlobalSection(SolutionConfigurationPlatforms) = preSolution
		Debug|Any CPU = Debug|Any CPU
		Release|Any CPU = Release|Any CPU
	EndGlobalSection
	GlobalSection(ProjectConfigurationPlatforms) = postSolution
		{A2CAF24C-9717-4185-BEBB-8F1E68D6A428}.Debug|Any CPU.ActiveCfg = Debug|Any CPU
		{A2CAF24C-9717-4185-BEBB-8F1E68D6A428}.Debug|Any CPU.Build.0 = Debug|Any CPU
		{A2CAF24C-9717-4185-BEBB-8F1E68D6A428}.Release|Any CPU.ActiveCfg = Release|Any CPU
		{A2CAF24C-9717-4185-BEBB-8F1E68D6A428}.Release|Any CPU.Build.0 = Release|Any CPU
	EndGlobalSection
	GlobalSection(SolutionProperties) = preSolution
		HideSolutionNode = FALSE
	EndGlobalSection
	GlobalSection(ExtensibilityGlobals) = postSolution
		SolutionGuid = {9CC5FB87-D595-4CB3-B9DA-59058F123AD3}
	EndGlobalSection
EndGlobal
