
Microsoft Visual Studio Solution File, Format Version 12.00
# Visual Studio Version 16
VisualStudioVersion = 16.0.30611.23
MinimumVisualStudioVersion = 10.0.40219.1
Project("{FAE04EC0-301F-11D3-BF4B-00C04F79EFBC}") = "MergeKSortedLists", "MergeKSortedLists.csproj", "{852A71ED-3252-42CC-BCBE-879015D5E860}"
EndProject
Global
	GlobalSection(SolutionConfigurationPlatforms) = preSolution
		Debug|Any CPU = Debug|Any CPU
		Release|Any CPU = Release|Any CPU
	EndGlobalSection
	GlobalSection(ProjectConfigurationPlatforms) = postSolution
		{852A71ED-3252-42CC-BCBE-879015D5E860}.Debug|Any CPU.ActiveCfg = Debug|Any CPU
		{852A71ED-3252-42CC-BCBE-879015D5E860}.Debug|Any CPU.Build.0 = Debug|Any CPU
		{852A71ED-3252-42CC-BCBE-879015D5E860}.Release|Any CPU.ActiveCfg = Release|Any CPU
		{852A71ED-3252-42CC-BCBE-879015D5E860}.Release|Any CPU.Build.0 = Release|Any CPU
	EndGlobalSection
	GlobalSection(SolutionProperties) = preSolution
		HideSolutionNode = FALSE
	EndGlobalSection
	GlobalSection(ExtensibilityGlobals) = postSolution
		SolutionGuid = {85B5BC04-17D8-42E9-83EA-DEF2D2873118}
	EndGlobalSection
EndGlobal
