
Microsoft Visual Studio Solution File, Format Version 12.00
# Visual Studio Version 16
VisualStudioVersion = 16.0.31112.23
MinimumVisualStudioVersion = 10.0.40219.1
Project("{FAE04EC0-301F-11D3-BF4B-00C04F79EFBC}") = "P03_FootballBetting", "P03_FootballBetting.csproj", "{FFAD2EE9-A849-47A6-9C2C-7E3169D815DD}"
EndProject
Global
	GlobalSection(SolutionConfigurationPlatforms) = preSolution
		Debug|Any CPU = Debug|Any CPU
		Release|Any CPU = Release|Any CPU
	EndGlobalSection
	GlobalSection(ProjectConfigurationPlatforms) = postSolution
		{FFAD2EE9-A849-47A6-9C2C-7E3169D815DD}.Debug|Any CPU.ActiveCfg = Debug|Any CPU
		{FFAD2EE9-A849-47A6-9C2C-7E3169D815DD}.Debug|Any CPU.Build.0 = Debug|Any CPU
		{FFAD2EE9-A849-47A6-9C2C-7E3169D815DD}.Release|Any CPU.ActiveCfg = Release|Any CPU
		{FFAD2EE9-A849-47A6-9C2C-7E3169D815DD}.Release|Any CPU.Build.0 = Release|Any CPU
	EndGlobalSection
	GlobalSection(SolutionProperties) = preSolution
		HideSolutionNode = FALSE
	EndGlobalSection
	GlobalSection(ExtensibilityGlobals) = postSolution
		SolutionGuid = {7DB03842-BD8C-4691-A6F0-B79B1B1F839E}
	EndGlobalSection
EndGlobal
